// !$*UTF8*$!
{
	archiveVersion = 1;
	classes = {
	};
	objectVersion = 77;
	objects = {

/* Begin PBXBuildFile section */
		A10000000000000000000001 /* EnhancedContextMenuFinderExtension.appex in Embed Foundation Extensions */ = {isa = PBXBuildFile; fileRef = A10000000000000000000002 /* EnhancedContextMenuFinderExtension.appex */; settings = {ATTRIBUTES = (RemoveHeadersOnCopy, ); }; };
		H10000000000000000000001 /* CompositionExpectation.swift in Sources */ = {isa = PBXBuildFile; fileRef = H10000000000000000000004 /* CompositionExpectation.swift */; };
		H10000000000000000000002 /* CompositionExpectation.swift in Sources */ = {isa = PBXBuildFile; fileRef = H10000000000000000000004 /* CompositionExpectation.swift */; };
/* End PBXBuildFile section */

/* Begin PBXContainerItemProxy section */
		A10000000000000000000008 /* PBXContainerItemProxy */ = {
			isa = PBXContainerItemProxy;
			containerPortal = 2863D48730273A440090DB7A /* Project object */;
			proxyType = 1;
			remoteGlobalIDString = A10000000000000000000009;
			remoteInfo = EnhancedContextMenuFinderExtension;
		};
		E1000000000000000000000D /* PBXContainerItemProxy */ = {
			isa = PBXContainerItemProxy;
			containerPortal = 2863D48730273A440090DB7A /* Project object */;
			proxyType = 1;
			remoteGlobalIDString = 2863D48E30273A440090DB7A;
			remoteInfo = EnhancedContextMenu;
		};
		H10000000000000000000005 /* PBXContainerItemProxy */ = {
			isa = PBXContainerItemProxy;
			containerPortal = 2863D48730273A440090DB7A /* Project object */;
			proxyType = 1;
			remoteGlobalIDString = A10000000000000000000009;
			remoteInfo = EnhancedContextMenuFinderExtension;
		};
/* End PBXContainerItemProxy section */

/* Begin PBXCopyFilesBuildPhase section */
		A10000000000000000000007 /* Embed Foundation Extensions */ = {
			isa = PBXCopyFilesBuildPhase;
			buildActionMask = 2147483647;
			dstPath = "";
			dstSubfolderSpec = 13;
			files = (
				A10000000000000000000001 /* EnhancedContextMenuFinderExtension.appex in Embed Foundation Extensions */,
			);
			name = "Embed Foundation Extensions";
			runOnlyForDeploymentPostprocessing = 0;
		};
/* End PBXCopyFilesBuildPhase section */

/* Begin PBXFileReference section */
		2863D48F30273A440090DB7A /* ECMenu.app */ = {isa = PBXFileReference; explicitFileType = wrapper.application; includeInIndex = 0; path = ECMenu.app; sourceTree = BUILT_PRODUCTS_DIR; };
		A10000000000000000000002 /* EnhancedContextMenuFinderExtension.appex */ = {isa = PBXFileReference; explicitFileType = "wrapper.app-extension"; includeInIndex = 0; path = EnhancedContextMenuFinderExtension.appex; sourceTree = BUILT_PRODUCTS_DIR; };
		E10000000000000000000001 /* EnhancedContextMenuTests.xctest */ = {isa = PBXFileReference; explicitFileType = wrapper.cfbundle; includeInIndex = 0; path = EnhancedContextMenuTests.xctest; sourceTree = BUILT_PRODUCTS_DIR; };
		H10000000000000000000003 /* EnhancedContextMenuFinderExtensionTests.xctest */ = {isa = PBXFileReference; explicitFileType = wrapper.cfbundle; includeInIndex = 0; path = EnhancedContextMenuFinderExtensionTests.xctest; sourceTree = BUILT_PRODUCTS_DIR; };
		H10000000000000000000004 /* CompositionExpectation.swift */ = {isa = PBXFileReference; lastKnownFileType = sourcecode.swift; name = CompositionExpectation.swift; path = Tests/CompositionExpectation.swift; sourceTree = SOURCE_ROOT; };
		I10000000000000000000001 /* ContextCommandSender */ = {isa = PBXFileReference; explicitFileType = "compiled.mach-o.executable"; includeInIndex = 0; path = ContextCommandSender; sourceTree = BUILT_PRODUCTS_DIR; };
		P10000000000000000000001 /* EnhancedContextMenuPreviews.app */ = {isa = PBXFileReference; explicitFileType = wrapper.application; includeInIndex = 0; path = EnhancedContextMenuPreviews.app; sourceTree = BUILT_PRODUCTS_DIR; };
/* End PBXFileReference section */

/* Begin PBXFileSystemSynchronizedBuildFileExceptionSet section */
		A1000000000000000000000E /* Exceptions for "EnhancedContextMenuFinderExtension" folder in "EnhancedContextMenuFinderExtension" target */ = {
			isa = PBXFileSystemSynchronizedBuildFileExceptionSet;
			membershipExceptions = (
				Info.plist,
			);
			target = A10000000000000000000009 /* EnhancedContextMenuFinderExtension */;
		};
		C30000000000000000000001 /* Exceptions for "EnhancedContextMenu" folder in "EnhancedContextMenu" target */ = {
			isa = PBXFileSystemSynchronizedBuildFileExceptionSet;
			membershipExceptions = (
				Info.plist,
			);
			target = 2863D48E30273A440090DB7A /* EnhancedContextMenu */;
		};
		P10000000000000000000002 /* Exceptions for "EnhancedContextMenu" folder in "EnhancedContextMenuPreviews" target */ = {
			isa = PBXFileSystemSynchronizedBuildFileExceptionSet;
			membershipExceptions = (
				App/AppDelegate.swift,
				App/EnhancedContextMenuApp.swift,
				Info.plist,
			);
			target = P10000000000000000000007 /* EnhancedContextMenuPreviews */;
		};
		R10000000000000000000001 /* Exceptions for "Shared" folder in "ContextCommandSender" target */ = {
			isa = PBXFileSystemSynchronizedBuildFileExceptionSet;
			membershipExceptions = (
				Rendering/AppKitIconCanvasRenderer.swift,
			);
			target = I10000000000000000000006 /* ContextCommandSender */;
		};
		I1000000000000000000000A /* Exceptions for "Tests/Integration" folder in "ContextCommandSender" target */ = {
			isa = PBXFileSystemSynchronizedBuildFileExceptionSet;
			membershipExceptions = (
				ContextCommandSender-Info.plist,
			);
			target = I10000000000000000000006 /* ContextCommandSender */;
		};
/* End PBXFileSystemSynchronizedBuildFileExceptionSet section */

/* Begin PBXFileSystemSynchronizedRootGroup section */
		2863D49130273A440090DB7A /* EnhancedContextMenu */ = {
			isa = PBXFileSystemSynchronizedRootGroup;
			exceptions = (
				C30000000000000000000001 /* Exceptions for "EnhancedContextMenu" folder in "EnhancedContextMenu" target */,
				P10000000000000000000002 /* Exceptions for "EnhancedContextMenu" folder in "EnhancedContextMenuPreviews" target */,
			);
			path = EnhancedContextMenu;
			sourceTree = "<group>";
		};
		A10000000000000000000003 /* EnhancedContextMenuFinderExtension */ = {
			isa = PBXFileSystemSynchronizedRootGroup;
			exceptions = (
				A1000000000000000000000E /* Exceptions for "EnhancedContextMenuFinderExtension" folder in "EnhancedContextMenuFinderExtension" target */,
			);
			path = EnhancedContextMenuFinderExtension;
			sourceTree = "<group>";
		};
		D10000000000000000000001 /* Shared */ = {
			isa = PBXFileSystemSynchronizedRootGroup;
			exceptions = (
				R10000000000000000000001 /* Exceptions for "Shared" folder in "ContextCommandSender" target */,
			);
			path = Shared;
			sourceTree = "<group>";
		};
		E10000000000000000000003 /* Tests/EnhancedContextMenuTests */ = {
			isa = PBXFileSystemSynchronizedRootGroup;
			path = Tests/EnhancedContextMenuTests;
			sourceTree = "<group>";
		};
		H10000000000000000000007 /* Tests/EnhancedContextMenuFinderExtensionTests */ = {
			isa = PBXFileSystemSynchronizedRootGroup;
			path = Tests/EnhancedContextMenuFinderExtensionTests;
			sourceTree = "<group>";
		};
		I10000000000000000000002 /* Tests/Integration */ = {
			isa = PBXFileSystemSynchronizedRootGroup;
			exceptions = (
				I1000000000000000000000A /* Exceptions for "Tests/Integration" folder in "ContextCommandSender" target */,
			);
			path = Tests/Integration;
			sourceTree = "<group>";
		};
		P10000000000000000000003 /* Previews */ = {
			isa = PBXFileSystemSynchronizedRootGroup;
			path = Previews;
			sourceTree = "<group>";
		};
/* End PBXFileSystemSynchronizedRootGroup section */

/* Begin PBXFrameworksBuildPhase section */
		2863D48C30273A440090DB7A /* Frameworks */ = {
			isa = PBXFrameworksBuildPhase;
			buildActionMask = 2147483647;
			files = (
			);
			runOnlyForDeploymentPostprocessing = 0;
		};
		A10000000000000000000004 /* Frameworks */ = {
			isa = PBXFrameworksBuildPhase;
			buildActionMask = 2147483647;
			files = (
			);
			runOnlyForDeploymentPostprocessing = 0;
		};
		E10000000000000000000006 /* Frameworks */ = {
			isa = PBXFrameworksBuildPhase;
			buildActionMask = 2147483647;
			files = (
			);
			runOnlyForDeploymentPostprocessing = 0;
		};
		H10000000000000000000009 /* Frameworks */ = {
			isa = PBXFrameworksBuildPhase;
			buildActionMask = 2147483647;
			files = (
			);
			runOnlyForDeploymentPostprocessing = 0;
		};
		I10000000000000000000003 /* Frameworks */ = {
			isa = PBXFrameworksBuildPhase;
			buildActionMask = 2147483647;
			files = (
			);
			runOnlyForDeploymentPostprocessing = 0;
		};
		P10000000000000000000004 /* Frameworks */ = {
			isa = PBXFrameworksBuildPhase;
			buildActionMask = 2147483647;
			files = (
			);
			runOnlyForDeploymentPostprocessing = 0;
		};
/* End PBXFrameworksBuildPhase section */

/* Begin PBXGroup section */
		2863D48630273A440090DB7A = {
			isa = PBXGroup;
			children = (
				2863D49130273A440090DB7A /* EnhancedContextMenu */,
				A10000000000000000000003 /* EnhancedContextMenuFinderExtension */,
				D10000000000000000000001 /* Shared */,
				P10000000000000000000003 /* Previews */,
				E10000000000000000000003 /* Tests/EnhancedContextMenuTests */,
				H10000000000000000000007 /* Tests/EnhancedContextMenuFinderExtensionTests */,
				I10000000000000000000002 /* Tests/Integration */,
				H1000000000000000000000F /* Shared Test Sources */,
				2863D49030273A440090DB7A /* Products */,
			);
			sourceTree = "<group>";
		};
		2863D49030273A440090DB7A /* Products */ = {
			isa = PBXGroup;
			children = (
				2863D48F30273A440090DB7A /* ECMenu.app */,
				A10000000000000000000002 /* EnhancedContextMenuFinderExtension.appex */,
				P10000000000000000000001 /* EnhancedContextMenuPreviews.app */,
				E10000000000000000000001 /* EnhancedContextMenuTests.xctest */,
				H10000000000000000000003 /* EnhancedContextMenuFinderExtensionTests.xctest */,
				I10000000000000000000001 /* ContextCommandSender */,
			);
			name = Products;
			sourceTree = "<group>";
		};
		H1000000000000000000000F /* Shared Test Sources */ = {
			isa = PBXGroup;
			children = (
				H10000000000000000000004 /* CompositionExpectation.swift */,
			);
			name = "Shared Test Sources";
			sourceTree = "<group>";
		};
/* End PBXGroup section */

/* Begin PBXNativeTarget section */
		2863D48E30273A440090DB7A /* EnhancedContextMenu */ = {
			isa = PBXNativeTarget;
			buildConfigurationList = 2863D49A30273A450090DB7A /* Build configuration list for PBXNativeTarget "EnhancedContextMenu" */;
			buildPhases = (
				2863D48B30273A440090DB7A /* Sources */,
				2863D48C30273A440090DB7A /* Frameworks */,
				2863D48D30273A440090DB7A /* Resources */,
				A10000000000000000000007 /* Embed Foundation Extensions */,
			);
			buildRules = (
			);
			dependencies = (
				A1000000000000000000000A /* PBXTargetDependency */,
			);
			fileSystemSynchronizedGroups = (
				2863D49130273A440090DB7A /* EnhancedContextMenu */,
				D10000000000000000000001 /* Shared */,
			);
			name = EnhancedContextMenu;
			packageProductDependencies = (
			);
			productName = ECMenu;
			productReference = 2863D48F30273A440090DB7A /* ECMenu.app */;
			productType = "com.apple.product-type.application";
		};
		A10000000000000000000009 /* EnhancedContextMenuFinderExtension */ = {
			isa = PBXNativeTarget;
			buildConfigurationList = A1000000000000000000000D /* Build configuration list for PBXNativeTarget "EnhancedContextMenuFinderExtension" */;
			buildPhases = (
				A10000000000000000000006 /* Sources */,
				A10000000000000000000004 /* Frameworks */,
				A10000000000000000000005 /* Resources */,
			);
			buildRules = (
			);
			dependencies = (
			);
			fileSystemSynchronizedGroups = (
				A10000000000000000000003 /* EnhancedContextMenuFinderExtension */,
				D10000000000000000000001 /* Shared */,
			);
			name = EnhancedContextMenuFinderExtension;
			packageProductDependencies = (
			);
			productName = EnhancedContextMenuFinderExtension;
			productReference = A10000000000000000000002 /* EnhancedContextMenuFinderExtension.appex */;
			productType = "com.apple.product-type.app-extension";
		};
		E1000000000000000000000B /* EnhancedContextMenuTests */ = {
			isa = PBXNativeTarget;
			buildConfigurationList = E10000000000000000000013 /* Build configuration list for PBXNativeTarget "EnhancedContextMenuTests" */;
			buildPhases = (
				E10000000000000000000005 /* Sources */,
				E10000000000000000000006 /* Frameworks */,
				E10000000000000000000007 /* Resources */,
			);
			buildRules = (
			);
			dependencies = (
				E1000000000000000000000F /* PBXTargetDependency */,
			);
			fileSystemSynchronizedGroups = (
				E10000000000000000000003 /* Tests/EnhancedContextMenuTests */,
			);
			name = EnhancedContextMenuTests;
			packageProductDependencies = (
			);
			productName = EnhancedContextMenuTests;
			productReference = E10000000000000000000001 /* EnhancedContextMenuTests.xctest */;
			productType = "com.apple.product-type.bundle.unit-test";
		};
		H1000000000000000000000B /* EnhancedContextMenuFinderExtensionTests */ = {
			isa = PBXNativeTarget;
			buildConfigurationList = H1000000000000000000000E /* Build configuration list for PBXNativeTarget "EnhancedContextMenuFinderExtensionTests" */;
			buildPhases = (
				H10000000000000000000008 /* Sources */,
				H10000000000000000000009 /* Frameworks */,
				H1000000000000000000000A /* Resources */,
			);
			buildRules = (
			);
			dependencies = (
				H10000000000000000000006 /* PBXTargetDependency */,
			);
			fileSystemSynchronizedGroups = (
				H10000000000000000000007 /* Tests/EnhancedContextMenuFinderExtensionTests */,
			);
			name = EnhancedContextMenuFinderExtensionTests;
			packageProductDependencies = (
			);
			productName = EnhancedContextMenuFinderExtensionTests;
			productReference = H10000000000000000000003 /* EnhancedContextMenuFinderExtensionTests.xctest */;
			productType = "com.apple.product-type.bundle.unit-test";
		};
		I10000000000000000000006 /* ContextCommandSender */ = {
			isa = PBXNativeTarget;
			buildConfigurationList = I10000000000000000000009 /* Build configuration list for PBXNativeTarget "ContextCommandSender" */;
			buildPhases = (
				I10000000000000000000004 /* Sources */,
				I10000000000000000000003 /* Frameworks */,
				I10000000000000000000005 /* Resources */,
			);
			buildRules = (
			);
			dependencies = (
			);
			fileSystemSynchronizedGroups = (
				D10000000000000000000001 /* Shared */,
				I10000000000000000000002 /* Tests/Integration */,
			);
			name = ContextCommandSender;
			packageProductDependencies = (
			);
			productName = ContextCommandSender;
			productReference = I10000000000000000000001 /* ContextCommandSender */;
			productType = "com.apple.product-type.tool";
		};
		P10000000000000000000007 /* EnhancedContextMenuPreviews */ = {
			isa = PBXNativeTarget;
			buildConfigurationList = P1000000000000000000000A /* Build configuration list for PBXNativeTarget "EnhancedContextMenuPreviews" */;
			buildPhases = (
				P10000000000000000000006 /* Sources */,
				P10000000000000000000004 /* Frameworks */,
				P10000000000000000000005 /* Resources */,
			);
			buildRules = (
			);
			dependencies = (
			);
			fileSystemSynchronizedGroups = (
				2863D49130273A440090DB7A /* EnhancedContextMenu */,
				D10000000000000000000001 /* Shared */,
				P10000000000000000000003 /* Previews */,
			);
			name = EnhancedContextMenuPreviews;
			packageProductDependencies = (
			);
			productName = EnhancedContextMenuPreviews;
			productReference = P10000000000000000000001 /* EnhancedContextMenuPreviews.app */;
			productType = "com.apple.product-type.application";
		};
/* End PBXNativeTarget section */

/* Begin PBXProject section */
		2863D48730273A440090DB7A /* Project object */ = {
			isa = PBXProject;
			attributes = {
				BuildIndependentTargetsInParallel = 1;
				LastSwiftUpdateCheck = 2660;
				LastUpgradeCheck = 2660;
				TargetAttributes = {
					2863D48E30273A440090DB7A = {
						CreatedOnToolsVersion = 26.6;
					};
					A10000000000000000000009 = {
						CreatedOnToolsVersion = 26.6;
					};
					E1000000000000000000000B = {
						CreatedOnToolsVersion = 26.6;
						TestTargetID = 2863D48E30273A440090DB7A;
					};
					H1000000000000000000000B = {
						CreatedOnToolsVersion = 26.6;
					};
					P10000000000000000000007 = {
						CreatedOnToolsVersion = 26.6;
					};
				};
			};
			buildConfigurationList = 2863D48A30273A440090DB7A /* Build configuration list for PBXProject "EnhancedContextMenu" */;
			developmentRegion = en;
			hasScannedForEncodings = 0;
			knownRegions = (
				en,
				Base,
			);
			mainGroup = 2863D48630273A440090DB7A;
			minimizedProjectReferenceProxies = 1;
			preferredProjectObjectVersion = 77;
			productRefGroup = 2863D49030273A440090DB7A /* Products */;
			projectDirPath = "";
			projectRoot = "";
			targets = (
				2863D48E30273A440090DB7A /* EnhancedContextMenu */,
				A10000000000000000000009 /* EnhancedContextMenuFinderExtension */,
				E1000000000000000000000B /* EnhancedContextMenuTests */,
				H1000000000000000000000B /* EnhancedContextMenuFinderExtensionTests */,
				I10000000000000000000006 /* ContextCommandSender */,
				P10000000000000000000007 /* EnhancedContextMenuPreviews */,
			);
		};
/* End PBXProject section */

/* Begin PBXResourcesBuildPhase section */
		2863D48D30273A440090DB7A /* Resources */ = {
			isa = PBXResourcesBuildPhase;
			buildActionMask = 2147483647;
			files = (
			);
			runOnlyForDeploymentPostprocessing = 0;
		};
		A10000000000000000000005 /* Resources */ = {
			isa = PBXResourcesBuildPhase;
			buildActionMask = 2147483647;
			files = (
			);
			runOnlyForDeploymentPostprocessing = 0;
		};
		E10000000000000000000007 /* Resources */ = {
			isa = PBXResourcesBuildPhase;
			buildActionMask = 2147483647;
			files = (
			);
			runOnlyForDeploymentPostprocessing = 0;
		};
		H1000000000000000000000A /* Resources */ = {
			isa = PBXResourcesBuildPhase;
			buildActionMask = 2147483647;
			files = (
			);
			runOnlyForDeploymentPostprocessing = 0;
		};
		I10000000000000000000005 /* Resources */ = {
			isa = PBXResourcesBuildPhase;
			buildActionMask = 2147483647;
			files = (
			);
			runOnlyForDeploymentPostprocessing = 0;
		};
		P10000000000000000000005 /* Resources */ = {
			isa = PBXResourcesBuildPhase;
			buildActionMask = 2147483647;
			files = (
			);
			runOnlyForDeploymentPostprocessing = 0;
		};
/* End PBXResourcesBuildPhase section */

/* Begin PBXSourcesBuildPhase section */
		2863D48B30273A440090DB7A /* Sources */ = {
			isa = PBXSourcesBuildPhase;
			buildActionMask = 2147483647;
			files = (
			);
			runOnlyForDeploymentPostprocessing = 0;
		};
		A10000000000000000000006 /* Sources */ = {
			isa = PBXSourcesBuildPhase;
			buildActionMask = 2147483647;
			files = (
			);
			runOnlyForDeploymentPostprocessing = 0;
		};
		E10000000000000000000005 /* Sources */ = {
			isa = PBXSourcesBuildPhase;
			buildActionMask = 2147483647;
			files = (
				H10000000000000000000001 /* CompositionExpectation.swift in Sources */,
			);
			runOnlyForDeploymentPostprocessing = 0;
		};
		H10000000000000000000008 /* Sources */ = {
			isa = PBXSourcesBuildPhase;
			buildActionMask = 2147483647;
			files = (
				H10000000000000000000002 /* CompositionExpectation.swift in Sources */,
			);
			runOnlyForDeploymentPostprocessing = 0;
		};
		I10000000000000000000004 /* Sources */ = {
			isa = PBXSourcesBuildPhase;
			buildActionMask = 2147483647;
			files = (
			);
			runOnlyForDeploymentPostprocessing = 0;
		};
		P10000000000000000000006 /* Sources */ = {
			isa = PBXSourcesBuildPhase;
			buildActionMask = 2147483647;
			files = (
			);
			runOnlyForDeploymentPostprocessing = 0;
		};
/* End PBXSourcesBuildPhase section */

/* Begin PBXTargetDependency section */
		A1000000000000000000000A /* PBXTargetDependency */ = {
			isa = PBXTargetDependency;
			target = A10000000000000000000009 /* EnhancedContextMenuFinderExtension */;
			targetProxy = A10000000000000000000008 /* PBXContainerItemProxy */;
		};
		E1000000000000000000000F /* PBXTargetDependency */ = {
			isa = PBXTargetDependency;
			target = 2863D48E30273A440090DB7A /* EnhancedContextMenu */;
			targetProxy = E1000000000000000000000D /* PBXContainerItemProxy */;
		};
		H10000000000000000000006 /* PBXTargetDependency */ = {
			isa = PBXTargetDependency;
			target = A10000000000000000000009 /* EnhancedContextMenuFinderExtension */;
			targetProxy = H10000000000000000000005 /* PBXContainerItemProxy */;
		};
/* End PBXTargetDependency section */

/* Begin XCBuildConfiguration section */
		2863D49830273A450090DB7A /* Debug */ = {
			isa = XCBuildConfiguration;
			buildSettings = {
				ALWAYS_SEARCH_USER_PATHS = NO;
				ASSETCATALOG_COMPILER_GENERATE_SWIFT_ASSET_SYMBOL_EXTENSIONS = YES;
				CLANG_ANALYZER_NONNULL = YES;
				CLANG_ANALYZER_NUMBER_OBJECT_CONVERSION = YES_AGGRESSIVE;
				CLANG_CXX_LANGUAGE_STANDARD = "gnu++20";
				CLANG_ENABLE_MODULES = YES;
				CLANG_ENABLE_OBJC_ARC = YES;
				CLANG_ENABLE_OBJC_WEAK = YES;
				CLANG_WARN_BLOCK_CAPTURE_AUTORELEASING = YES;
				CLANG_WARN_BOOL_CONVERSION = YES;
				CLANG_WARN_COMMA = YES;
				CLANG_WARN_CONSTANT_CONVERSION = YES;
				CLANG_WARN_DEPRECATED_OBJC_IMPLEMENTATIONS = YES;
				CLANG_WARN_DIRECT_OBJC_ISA_USAGE = YES_ERROR;
				CLANG_WARN_DOCUMENTATION_COMMENTS = YES;
				CLANG_WARN_EMPTY_BODY = YES;
				CLANG_WARN_ENUM_CONVERSION = YES;
				CLANG_WARN_INFINITE_RECURSION = YES;
				CLANG_WARN_INT_CONVERSION = YES;
				CLANG_WARN_NON_LITERAL_NULL_CONVERSION = YES;
				CLANG_WARN_OBJC_IMPLICIT_RETAIN_SELF = YES;
				CLANG_WARN_OBJC_LITERAL_CONVERSION = YES;
				CLANG_WARN_OBJC_ROOT_CLASS = YES_ERROR;
				CLANG_WARN_QUOTED_INCLUDE_IN_FRAMEWORK_HEADER = YES;
				CLANG_WARN_RANGE_LOOP_ANALYSIS = YES;
				CLANG_WARN_STRICT_PROTOTYPES = YES;
				CLANG_WARN_SUSPICIOUS_MOVE = YES;
				CLANG_WARN_UNGUARDED_AVAILABILITY = YES_AGGRESSIVE;
				CLANG_WARN_UNREACHABLE_CODE = YES;
				CLANG_WARN__DUPLICATE_METHOD_MATCH = YES;
				COPY_PHASE_STRIP = NO;
				DEBUG_INFORMATION_FORMAT = dwarf;
				DEVELOPMENT_TEAM = GVPW27HJZ5;
				ECMENU_APPLICATION_BUNDLE_IDENTIFIER = com.axiomace.ecmenu.debug;
				ECMENU_APPLICATION_GROUP_IDENTIFIER = GVPW27HJZ5.ecmenu.debug;
				ECMENU_APPLICATION_NAME = "ECMenu(Debug)";
				ECMENU_FINDER_EXTENSION_BUNDLE_IDENTIFIER = "$(ECMENU_APPLICATION_BUNDLE_IDENTIFIER).finderext";
				ENABLE_STRICT_OBJC_MSGSEND = YES;
				ENABLE_TESTABILITY = YES;
				ENABLE_USER_SCRIPT_SANDBOXING = YES;
				GCC_C_LANGUAGE_STANDARD = gnu17;
				GCC_DYNAMIC_NO_PIC = NO;
				GCC_NO_COMMON_BLOCKS = YES;
				GCC_OPTIMIZATION_LEVEL = 0;
				GCC_PREPROCESSOR_DEFINITIONS = (
					"DEBUG=1",
					"$(inherited)",
				);
				GCC_WARN_64_TO_32_BIT_CONVERSION = YES;
				GCC_WARN_ABOUT_RETURN_TYPE = YES_ERROR;
				GCC_WARN_UNDECLARED_SELECTOR = YES;
				GCC_WARN_UNINITIALIZED_AUTOS = YES_AGGRESSIVE;
				GCC_WARN_UNUSED_FUNCTION = YES;
				GCC_WARN_UNUSED_VARIABLE = YES;
				LOCALIZATION_PREFERS_STRING_CATALOGS = YES;
				MACOSX_DEPLOYMENT_TARGET = 26.0;
				MARKETING_VERSION = 1.0.0;
				MTL_ENABLE_DEBUG_INFO = INCLUDE_SOURCE;
				MTL_FAST_MATH = YES;
				ONLY_ACTIVE_ARCH = YES;
				SDKROOT = macosx;
				SWIFT_ACTIVE_COMPILATION_CONDITIONS = "DEBUG $(inherited)";
				SWIFT_OPTIMIZATION_LEVEL = "-Onone";
			};
			name = Debug;
		};
		2863D49930273A450090DB7A /* Release */ = {
			isa = XCBuildConfiguration;
			buildSettings = {
				ALWAYS_SEARCH_USER_PATHS = NO;
				ASSETCATALOG_COMPILER_GENERATE_SWIFT_ASSET_SYMBOL_EXTENSIONS = YES;
				CLANG_ANALYZER_NONNULL = YES;
				CLANG_ANALYZER_NUMBER_OBJECT_CONVERSION = YES_AGGRESSIVE;
				CLANG_CXX_LANGUAGE_STANDARD = "gnu++20";
				CLANG_ENABLE_MODULES = YES;
				CLANG_ENABLE_OBJC_ARC = YES;
				CLANG_ENABLE_OBJC_WEAK = YES;
				CLANG_WARN_BLOCK_CAPTURE_AUTORELEASING = YES;
				CLANG_WARN_BOOL_CONVERSION = YES;
				CLANG_WARN_COMMA = YES;
				CLANG_WARN_CONSTANT_CONVERSION = YES;
				CLANG_WARN_DEPRECATED_OBJC_IMPLEMENTATIONS = YES;
				CLANG_WARN_DIRECT_OBJC_ISA_USAGE = YES_ERROR;
				CLANG_WARN_DOCUMENTATION_COMMENTS = YES;
				CLANG_WARN_EMPTY_BODY = YES;
				CLANG_WARN_ENUM_CONVERSION = YES;
				CLANG_WARN_INFINITE_RECURSION = YES;
				CLANG_WARN_INT_CONVERSION = YES;
				CLANG_WARN_NON_LITERAL_NULL_CONVERSION = YES;
				CLANG_WARN_OBJC_IMPLICIT_RETAIN_SELF = YES;
				CLANG_WARN_OBJC_LITERAL_CONVERSION = YES;
				CLANG_WARN_OBJC_ROOT_CLASS = YES_ERROR;
				CLANG_WARN_QUOTED_INCLUDE_IN_FRAMEWORK_HEADER = YES;
				CLANG_WARN_RANGE_LOOP_ANALYSIS = YES;
				CLANG_WARN_STRICT_PROTOTYPES = YES;
				CLANG_WARN_SUSPICIOUS_MOVE = YES;
				CLANG_WARN_UNGUARDED_AVAILABILITY = YES_AGGRESSIVE;
				CLANG_WARN_UNREACHABLE_CODE = YES;
				CLANG_WARN__DUPLICATE_METHOD_MATCH = YES;
				COPY_PHASE_STRIP = NO;
				DEBUG_INFORMATION_FORMAT = "dwarf-with-dsym";
				DEVELOPMENT_TEAM = GVPW27HJZ5;
				ECMENU_APPLICATION_BUNDLE_IDENTIFIER = com.axiomace.ecmenu;
				ECMENU_APPLICATION_GROUP_IDENTIFIER = GVPW27HJZ5.ecmenu;
				ECMENU_APPLICATION_NAME = ECMenu;
				ECMENU_FINDER_EXTENSION_BUNDLE_IDENTIFIER = "$(ECMENU_APPLICATION_BUNDLE_IDENTIFIER).finderext";
				ENABLE_NS_ASSERTIONS = NO;
				ENABLE_STRICT_OBJC_MSGSEND = YES;
				ENABLE_USER_SCRIPT_SANDBOXING = YES;
				GCC_C_LANGUAGE_STANDARD = gnu17;
				GCC_NO_COMMON_BLOCKS = YES;
				GCC_WARN_64_TO_32_BIT_CONVERSION = YES;
				GCC_WARN_ABOUT_RETURN_TYPE = YES_ERROR;
				GCC_WARN_UNDECLARED_SELECTOR = YES;
				GCC_WARN_UNINITIALIZED_AUTOS = YES_AGGRESSIVE;
				GCC_WARN_UNUSED_FUNCTION = YES;
				GCC_WARN_UNUSED_VARIABLE = YES;
				LOCALIZATION_PREFERS_STRING_CATALOGS = YES;
				MACOSX_DEPLOYMENT_TARGET = 26.0;
				MARKETING_VERSION = 1.0.0;
				MTL_ENABLE_DEBUG_INFO = NO;
				MTL_FAST_MATH = YES;
				SDKROOT = macosx;
				SWIFT_COMPILATION_MODE = wholemodule;
			};
			name = Release;
		};
		2863D49B30273A450090DB7A /* Debug */ = {
			isa = XCBuildConfiguration;
			buildSettings = {
				ASSETCATALOG_COMPILER_APPICON_NAME = ApplicationIcon;
				ASSETCATALOG_COMPILER_GLOBAL_ACCENT_COLOR_NAME = AccentColor;
				CODE_SIGN_ENTITLEMENTS = EnhancedContextMenu/EnhancedContextMenu.entitlements;
				"CODE_SIGN_IDENTITY[sdk=macosx*]" = "Apple Development";
				CODE_SIGN_STYLE = Automatic;
				COMBINE_HIDPI_IMAGES = YES;
				CURRENT_PROJECT_VERSION = 1;
				DEVELOPMENT_TEAM = GVPW27HJZ5;
				ENABLE_APP_SANDBOX = NO;
				ENABLE_HARDENED_RUNTIME = YES;
				ENABLE_PREVIEWS = YES;
				GENERATE_INFOPLIST_FILE = YES;
				INFOPLIST_FILE = EnhancedContextMenu/Info.plist;
				INFOPLIST_KEY_NSHumanReadableCopyright = "";
				LD_RUNPATH_SEARCH_PATHS = (
					"$(inherited)",
					"@executable_path/../Frameworks",
				);
				MACOSX_DEPLOYMENT_TARGET = 26.0;
				PRODUCT_BUNDLE_IDENTIFIER = "$(ECMENU_APPLICATION_BUNDLE_IDENTIFIER)";
				PRODUCT_MODULE_NAME = EnhancedContextMenu;
				PRODUCT_NAME = "$(ECMENU_APPLICATION_NAME)";
				STRING_CATALOG_GENERATE_SYMBOLS = YES;
				SWIFT_APPROACHABLE_CONCURRENCY = YES;
				SWIFT_DEFAULT_ACTOR_ISOLATION = MainActor;
				SWIFT_EMIT_LOC_STRINGS = YES;
				SWIFT_UPCOMING_FEATURE_MEMBER_IMPORT_VISIBILITY = YES;
				SWIFT_VERSION = 5.0;
			};
			name = Debug;
		};
		2863D49C30273A450090DB7A /* Release */ = {
			isa = XCBuildConfiguration;
			buildSettings = {
				ASSETCATALOG_COMPILER_APPICON_NAME = ApplicationIcon;
				ASSETCATALOG_COMPILER_GLOBAL_ACCENT_COLOR_NAME = AccentColor;
				CODE_SIGN_ENTITLEMENTS = EnhancedContextMenu/EnhancedContextMenu.entitlements;
				"CODE_SIGN_IDENTITY[sdk=macosx*]" = "Apple Development";
				CODE_SIGN_STYLE = Automatic;
				COMBINE_HIDPI_IMAGES = YES;
				CURRENT_PROJECT_VERSION = 1;
				DEVELOPMENT_TEAM = GVPW27HJZ5;
				ENABLE_APP_SANDBOX = NO;
				ENABLE_HARDENED_RUNTIME = YES;
				ENABLE_PREVIEWS = YES;
				GENERATE_INFOPLIST_FILE = YES;
				INFOPLIST_FILE = EnhancedContextMenu/Info.plist;
				INFOPLIST_KEY_NSHumanReadableCopyright = "";
				LD_RUNPATH_SEARCH_PATHS = (
					"$(inherited)",
					"@executable_path/../Frameworks",
				);
				MACOSX_DEPLOYMENT_TARGET = 26.0;
				PRODUCT_BUNDLE_IDENTIFIER = "$(ECMENU_APPLICATION_BUNDLE_IDENTIFIER)";
				PRODUCT_MODULE_NAME = EnhancedContextMenu;
				PRODUCT_NAME = "$(ECMENU_APPLICATION_NAME)";
				STRING_CATALOG_GENERATE_SYMBOLS = YES;
				SWIFT_APPROACHABLE_CONCURRENCY = YES;
				SWIFT_DEFAULT_ACTOR_ISOLATION = MainActor;
				SWIFT_EMIT_LOC_STRINGS = YES;
				SWIFT_UPCOMING_FEATURE_MEMBER_IMPORT_VISIBILITY = YES;
				SWIFT_VERSION = 5.0;
			};
			name = Release;
		};
		A1000000000000000000000B /* Debug */ = {
			isa = XCBuildConfiguration;
			buildSettings = {
				APPLICATION_EXTENSION_API_ONLY = YES;
				CODE_SIGN_ENTITLEMENTS = EnhancedContextMenuFinderExtension/EnhancedContextMenuFinderExtension.entitlements;
				CODE_SIGN_STYLE = Automatic;
				CURRENT_PROJECT_VERSION = 1;
				DEVELOPMENT_TEAM = GVPW27HJZ5;
				ENABLE_APP_SANDBOX = YES;
				ENABLE_HARDENED_RUNTIME = YES;
				GENERATE_INFOPLIST_FILE = YES;
				INFOPLIST_FILE = EnhancedContextMenuFinderExtension/Info.plist;
				LD_RUNPATH_SEARCH_PATHS = (
					"$(inherited)",
					"@executable_path/../Frameworks",
					"@executable_path/../../../../Frameworks",
				);
				MACOSX_DEPLOYMENT_TARGET = 26.0;
				PRODUCT_BUNDLE_IDENTIFIER = "$(ECMENU_FINDER_EXTENSION_BUNDLE_IDENTIFIER)";
				PRODUCT_NAME = "$(TARGET_NAME)";
				SKIP_INSTALL = YES;
				STRING_CATALOG_GENERATE_SYMBOLS = YES;
				SWIFT_APPROACHABLE_CONCURRENCY = YES;
				SWIFT_DEFAULT_ACTOR_ISOLATION = MainActor;
				SWIFT_EMIT_LOC_STRINGS = YES;
				SWIFT_UPCOMING_FEATURE_MEMBER_IMPORT_VISIBILITY = YES;
				SWIFT_VERSION = 5.0;
			};
			name = Debug;
		};
		A1000000000000000000000C /* Release */ = {
			isa = XCBuildConfiguration;
			buildSettings = {
				APPLICATION_EXTENSION_API_ONLY = YES;
				CODE_SIGN_ENTITLEMENTS = EnhancedContextMenuFinderExtension/EnhancedContextMenuFinderExtension.entitlements;
				CODE_SIGN_STYLE = Automatic;
				CURRENT_PROJECT_VERSION = 1;
				DEVELOPMENT_TEAM = GVPW27HJZ5;
				ENABLE_APP_SANDBOX = YES;
				ENABLE_HARDENED_RUNTIME = YES;
				GENERATE_INFOPLIST_FILE = YES;
				INFOPLIST_FILE = EnhancedContextMenuFinderExtension/Info.plist;
				LD_RUNPATH_SEARCH_PATHS = (
					"$(inherited)",
					"@executable_path/../Frameworks",
					"@executable_path/../../../../Frameworks",
				);
				MACOSX_DEPLOYMENT_TARGET = 26.0;
				PRODUCT_BUNDLE_IDENTIFIER = "$(ECMENU_FINDER_EXTENSION_BUNDLE_IDENTIFIER)";
				PRODUCT_NAME = "$(TARGET_NAME)";
				SKIP_INSTALL = YES;
				STRING_CATALOG_GENERATE_SYMBOLS = YES;
				SWIFT_APPROACHABLE_CONCURRENCY = YES;
				SWIFT_DEFAULT_ACTOR_ISOLATION = MainActor;
				SWIFT_EMIT_LOC_STRINGS = YES;
				SWIFT_UPCOMING_FEATURE_MEMBER_IMPORT_VISIBILITY = YES;
				SWIFT_VERSION = 5.0;
			};
			name = Release;
		};
		E10000000000000000000011 /* Debug */ = {
			isa = XCBuildConfiguration;
			buildSettings = {
				BUNDLE_LOADER = "$(TEST_HOST)";
				CODE_SIGN_STYLE = Automatic;
				DEVELOPMENT_TEAM = GVPW27HJZ5;
				GENERATE_INFOPLIST_FILE = YES;
				MACOSX_DEPLOYMENT_TARGET = 26.0;
				PRODUCT_BUNDLE_IDENTIFIER = com.axiomace.ecmenu.test.main;
				PRODUCT_NAME = "$(TARGET_NAME)";
				SWIFT_DEFAULT_ACTOR_ISOLATION = MainActor;
				SWIFT_EMIT_LOC_STRINGS = NO;
				SWIFT_VERSION = 5.0;
				TEST_HOST = "$(BUILT_PRODUCTS_DIR)/$(ECMENU_APPLICATION_NAME).app/Contents/MacOS/$(ECMENU_APPLICATION_NAME)";
			};
			name = Debug;
		};
		E10000000000000000000012 /* Release */ = {
			isa = XCBuildConfiguration;
			buildSettings = {
				BUNDLE_LOADER = "$(TEST_HOST)";
				CODE_SIGN_STYLE = Automatic;
				DEVELOPMENT_TEAM = GVPW27HJZ5;
				GENERATE_INFOPLIST_FILE = YES;
				MACOSX_DEPLOYMENT_TARGET = 26.0;
				PRODUCT_BUNDLE_IDENTIFIER = com.axiomace.ecmenu.test.main;
				PRODUCT_NAME = "$(TARGET_NAME)";
				SWIFT_DEFAULT_ACTOR_ISOLATION = MainActor;
				SWIFT_EMIT_LOC_STRINGS = NO;
				SWIFT_VERSION = 5.0;
				TEST_HOST = "$(BUILT_PRODUCTS_DIR)/$(ECMENU_APPLICATION_NAME).app/Contents/MacOS/$(ECMENU_APPLICATION_NAME)";
			};
			name = Release;
		};
		H1000000000000000000000C /* Debug */ = {
			isa = XCBuildConfiguration;
			buildSettings = {
				CODE_SIGN_STYLE = Automatic;
				DEVELOPMENT_TEAM = GVPW27HJZ5;
				GENERATE_INFOPLIST_FILE = YES;
				LD_RUNPATH_SEARCH_PATHS = "$(BUILT_PRODUCTS_DIR)/EnhancedContextMenuFinderExtension.appex/Contents/MacOS";
				MACOSX_DEPLOYMENT_TARGET = 26.0;
				OTHER_LDFLAGS = "$(BUILT_PRODUCTS_DIR)/EnhancedContextMenuFinderExtension.appex/Contents/MacOS/EnhancedContextMenuFinderExtension.debug.dylib";
				PRODUCT_BUNDLE_IDENTIFIER = com.axiomace.ecmenu.test.finderext;
				PRODUCT_NAME = "$(TARGET_NAME)";
				SWIFT_DEFAULT_ACTOR_ISOLATION = MainActor;
				SWIFT_EMIT_LOC_STRINGS = NO;
				SWIFT_VERSION = 5.0;
			};
			name = Debug;
		};
		H1000000000000000000000D /* Release */ = {
			isa = XCBuildConfiguration;
			buildSettings = {
				CODE_SIGN_STYLE = Automatic;
				DEVELOPMENT_TEAM = GVPW27HJZ5;
				EXCLUDED_SOURCE_FILE_NAMES = (
					FinderCompositionTests.swift,
					FinderDirectoryRegistrationTests.swift,
				);
				GENERATE_INFOPLIST_FILE = YES;
				MACOSX_DEPLOYMENT_TARGET = 26.0;
				PRODUCT_BUNDLE_IDENTIFIER = com.axiomace.ecmenu.test.finderext;
				PRODUCT_NAME = "$(TARGET_NAME)";
				SWIFT_DEFAULT_ACTOR_ISOLATION = MainActor;
				SWIFT_EMIT_LOC_STRINGS = NO;
				SWIFT_VERSION = 5.0;
			};
			name = Release;
		};
		I10000000000000000000007 /* Debug */ = {
			isa = XCBuildConfiguration;
			buildSettings = {
				CODE_SIGN_ENTITLEMENTS = Tests/Integration/ContextCommandSender.entitlements;
				"CODE_SIGN_IDENTITY[sdk=macosx*]" = "Apple Development";
				CODE_SIGN_STYLE = Automatic;
				CREATE_INFOPLIST_SECTION_IN_BINARY = YES;
				DEVELOPMENT_TEAM = GVPW27HJZ5;
				GENERATE_INFOPLIST_FILE = YES;
				INFOPLIST_FILE = Tests/Integration/ContextCommandSender-Info.plist;
				MACOSX_DEPLOYMENT_TARGET = 26.0;
				OTHER_CODE_SIGN_FLAGS = "--identifier $(ECMENU_FINDER_EXTENSION_BUNDLE_IDENTIFIER)";
				PRODUCT_BUNDLE_IDENTIFIER = com.axiomace.ecmenu.test.ipcsender;
				PRODUCT_NAME = "$(TARGET_NAME)";
				SWIFT_DEFAULT_ACTOR_ISOLATION = MainActor;
				SWIFT_EMIT_LOC_STRINGS = NO;
				SWIFT_VERSION = 5.0;
			};
			name = Debug;
		};
		I10000000000000000000008 /* Release */ = {
			isa = XCBuildConfiguration;
			buildSettings = {
				CODE_SIGN_ENTITLEMENTS = Tests/Integration/ContextCommandSender.entitlements;
				"CODE_SIGN_IDENTITY[sdk=macosx*]" = "Apple Development";
				CODE_SIGN_STYLE = Automatic;
				CREATE_INFOPLIST_SECTION_IN_BINARY = YES;
				DEVELOPMENT_TEAM = GVPW27HJZ5;
				GENERATE_INFOPLIST_FILE = YES;
				INFOPLIST_FILE = Tests/Integration/ContextCommandSender-Info.plist;
				MACOSX_DEPLOYMENT_TARGET = 26.0;
				OTHER_CODE_SIGN_FLAGS = "--identifier $(ECMENU_FINDER_EXTENSION_BUNDLE_IDENTIFIER)";
				PRODUCT_BUNDLE_IDENTIFIER = com.axiomace.ecmenu.test.ipcsender;
				PRODUCT_NAME = "$(TARGET_NAME)";
				SWIFT_DEFAULT_ACTOR_ISOLATION = MainActor;
				SWIFT_EMIT_LOC_STRINGS = NO;
				SWIFT_VERSION = 5.0;
			};
			name = Release;
		};
		P10000000000000000000008 /* Debug */ = {
			isa = XCBuildConfiguration;
			buildSettings = {
				ASSETCATALOG_COMPILER_APPICON_NAME = ApplicationIcon;
				ASSETCATALOG_COMPILER_GLOBAL_ACCENT_COLOR_NAME = AccentColor;
				"CODE_SIGN_IDENTITY[sdk=macosx*]" = "Apple Development";
				CODE_SIGN_STYLE = Automatic;
				COMBINE_HIDPI_IMAGES = YES;
				CURRENT_PROJECT_VERSION = 1;
				DEVELOPMENT_TEAM = GVPW27HJZ5;
				ENABLE_APP_SANDBOX = YES;
				ENABLE_HARDENED_RUNTIME = YES;
				GENERATE_INFOPLIST_FILE = YES;
				INFOPLIST_KEY_CFBundleDisplayName = ECMenu;
				LD_RUNPATH_SEARCH_PATHS = (
					"$(inherited)",
					"@executable_path/../Frameworks",
				);
				MACOSX_DEPLOYMENT_TARGET = 26.0;
				PRODUCT_BUNDLE_IDENTIFIER = com.axiomace.ecmenu.test.preview;
				PRODUCT_NAME = "$(TARGET_NAME)";
				SKIP_INSTALL = YES;
				STRING_CATALOG_GENERATE_SYMBOLS = YES;
				SWIFT_APPROACHABLE_CONCURRENCY = YES;
				SWIFT_DEFAULT_ACTOR_ISOLATION = MainActor;
				SWIFT_EMIT_LOC_STRINGS = YES;
				SWIFT_UPCOMING_FEATURE_MEMBER_IMPORT_VISIBILITY = YES;
				SWIFT_VERSION = 5.0;
			};
			name = Debug;
		};
		P10000000000000000000009 /* Release */ = {
			isa = XCBuildConfiguration;
			buildSettings = {
				ASSETCATALOG_COMPILER_APPICON_NAME = ApplicationIcon;
				ASSETCATALOG_COMPILER_GLOBAL_ACCENT_COLOR_NAME = AccentColor;
				"CODE_SIGN_IDENTITY[sdk=macosx*]" = "Apple Development";
				CODE_SIGN_STYLE = Automatic;
				COMBINE_HIDPI_IMAGES = YES;
				CURRENT_PROJECT_VERSION = 1;
				DEVELOPMENT_TEAM = GVPW27HJZ5;
				ENABLE_APP_SANDBOX = YES;
				ENABLE_HARDENED_RUNTIME = YES;
				GENERATE_INFOPLIST_FILE = YES;
				INFOPLIST_KEY_CFBundleDisplayName = ECMenu;
				LD_RUNPATH_SEARCH_PATHS = (
					"$(inherited)",
					"@executable_path/../Frameworks",
				);
				MACOSX_DEPLOYMENT_TARGET = 26.0;
				PRODUCT_BUNDLE_IDENTIFIER = com.axiomace.ecmenu.test.preview;
				PRODUCT_NAME = "$(TARGET_NAME)";
				SKIP_INSTALL = YES;
				STRING_CATALOG_GENERATE_SYMBOLS = YES;
				SWIFT_APPROACHABLE_CONCURRENCY = YES;
				SWIFT_DEFAULT_ACTOR_ISOLATION = MainActor;
				SWIFT_EMIT_LOC_STRINGS = YES;
				SWIFT_UPCOMING_FEATURE_MEMBER_IMPORT_VISIBILITY = YES;
				SWIFT_VERSION = 5.0;
			};
			name = Release;
		};
/* End XCBuildConfiguration section */

/* Begin XCConfigurationList section */
		2863D48A30273A440090DB7A /* Build configuration list for PBXProject "EnhancedContextMenu" */ = {
			isa = XCConfigurationList;
			buildConfigurations = (
				2863D49830273A450090DB7A /* Debug */,
				2863D49930273A450090DB7A /* Release */,
			);
			defaultConfigurationIsVisible = 0;
			defaultConfigurationName = Release;
		};
		2863D49A30273A450090DB7A /* Build configuration list for PBXNativeTarget "EnhancedContextMenu" */ = {
			isa = XCConfigurationList;
			buildConfigurations = (
				2863D49B30273A450090DB7A /* Debug */,
				2863D49C30273A450090DB7A /* Release */,
			);
			defaultConfigurationIsVisible = 0;
			defaultConfigurationName = Release;
		};
		A1000000000000000000000D /* Build configuration list for PBXNativeTarget "EnhancedContextMenuFinderExtension" */ = {
			isa = XCConfigurationList;
			buildConfigurations = (
				A1000000000000000000000B /* Debug */,
				A1000000000000000000000C /* Release */,
			);
			defaultConfigurationIsVisible = 0;
			defaultConfigurationName = Release;
		};
		E10000000000000000000013 /* Build configuration list for PBXNativeTarget "EnhancedContextMenuTests" */ = {
			isa = XCConfigurationList;
			buildConfigurations = (
				E10000000000000000000011 /* Debug */,
				E10000000000000000000012 /* Release */,
			);
			defaultConfigurationIsVisible = 0;
			defaultConfigurationName = Release;
		};
		H1000000000000000000000E /* Build configuration list for PBXNativeTarget "EnhancedContextMenuFinderExtensionTests" */ = {
			isa = XCConfigurationList;
			buildConfigurations = (
				H1000000000000000000000C /* Debug */,
				H1000000000000000000000D /* Release */,
			);
			defaultConfigurationIsVisible = 0;
			defaultConfigurationName = Release;
		};
		I10000000000000000000009 /* Build configuration list for PBXNativeTarget "ContextCommandSender" */ = {
			isa = XCConfigurationList;
			buildConfigurations = (
				I10000000000000000000007 /* Debug */,
				I10000000000000000000008 /* Release */,
			);
			defaultConfigurationIsVisible = 0;
			defaultConfigurationName = Release;
		};
		P1000000000000000000000A /* Build configuration list for PBXNativeTarget "EnhancedContextMenuPreviews" */ = {
			isa = XCConfigurationList;
			buildConfigurations = (
				P10000000000000000000008 /* Debug */,
				P10000000000000000000009 /* Release */,
			);
			defaultConfigurationIsVisible = 0;
			defaultConfigurationName = Release;
		};
/* End XCConfigurationList section */
	};
	rootObject = 2863D48730273A440090DB7A /* Project object */;
}
